
Microsoft Visual Studio Solution File, Format Version 12.00
# Visual Studio Version 17
VisualStudioVersion = 17.0.31717.71
MinimumVisualStudioVersion = 10.0.40219.1
Project("{9A19103F-16F7-4668-BE54-9A1E7A4F7556}") = "Accounts", "Accounts.csproj", "{19DAB842-5B3B-40F2-95A4-BD2279A43660}"
EndProject
Global
	GlobalSection(SolutionConfigurationPlatforms) = preSolution
		Debug|Any CPU = Debug|Any CPU
		Release|Any CPU = Release|Any CPU
	EndGlobalSection
	GlobalSection(ProjectConfigurationPlatforms) = postSolution
		{19DAB842-5B3B-40F2-95A4-BD2279A43660}.Debug|Any CPU.ActiveCfg = Debug|Any CPU
		{19DAB842-5B3B-40F2-95A4-BD2279A43660}.Debug|Any CPU.Build.0 = Debug|Any CPU
		{19DAB842-5B3B-40F2-95A4-BD2279A43660}.Release|Any CPU.ActiveCfg = Release|Any CPU
		{19DAB842-5B3B-40F2-95A4-BD2279A43660}.Release|Any CPU.Build.0 = Release|Any CPU
	EndGlobalSection
	GlobalSection(SolutionProperties) = preSolution
		HideSolutionNode = FALSE
	EndGlobalSection
	GlobalSection(ExtensibilityGlobals) = postSolution
		SolutionGuid = {E49B3EF5-1D09-42FF-95AF-1188983E059C}
	EndGlobalSection
EndGlobal